
Microsoft Visual Studio Solution File, Format Version 12.00
# Visual Studio Version 16
VisualStudioVersion = 16.0.31129.286
MinimumVisualStudioVersion = 10.0.40219.1
Project("{FAE04EC0-301F-11D3-BF4B-00C04F79EFBC}") = "Sp03_2_01", "Sp03_2_01.csproj", "{C662217C-DC7E-426A-BB13-5A70D5EBAF9D}"
EndProject
Global
	GlobalSection(SolutionConfigurationPlatforms) = preSolution
		Debug|Any CPU = Debug|Any CPU
		Release|Any CPU = Release|Any CPU
	EndGlobalSection
	GlobalSection(ProjectConfigurationPlatforms) = postSolution
		{C662217C-DC7E-426A-BB13-5A70D5EBAF9D}.Debug|Any CPU.ActiveCfg = Debug|Any CPU
		{C662217C-DC7E-426A-BB13-5A70D5EBAF9D}.Debug|Any CPU.Build.0 = Debug|Any CPU
		{C662217C-DC7E-426A-BB13-5A70D5EBAF9D}.Release|Any CPU.ActiveCfg = Release|Any CPU
		{C662217C-DC7E-426A-BB13-5A70D5EBAF9D}.Release|Any CPU.Build.0 = Release|Any CPU
	EndGlobalSection
	GlobalSection(SolutionProperties) = preSolution
		HideSolutionNode = FALSE
	EndGlobalSection
	GlobalSection(ExtensibilityGlobals) = postSolution
		SolutionGuid = {E714BC7B-7AC7-4381-800C-8597CCB73720}
	EndGlobalSection
EndGlobal
