
Microsoft Visual Studio Solution File, Format Version 12.00
# Visual Studio Version 16
VisualStudioVersion = 16.0.31129.286
MinimumVisualStudioVersion = 10.0.40219.1
Project("{FAE04EC0-301F-11D3-BF4B-00C04F79EFBC}") = "Sp03_1_01", "Sp03_1_01.csproj", "{B024917E-D1EB-4F28-AED1-915F2BF0792E}"
EndProject
Global
	GlobalSection(SolutionConfigurationPlatforms) = preSolution
		Debug|Any CPU = Debug|Any CPU
		Release|Any CPU = Release|Any CPU
	EndGlobalSection
	GlobalSection(ProjectConfigurationPlatforms) = postSolution
		{B024917E-D1EB-4F28-AED1-915F2BF0792E}.Debug|Any CPU.ActiveCfg = Debug|Any CPU
		{B024917E-D1EB-4F28-AED1-915F2BF0792E}.Debug|Any CPU.Build.0 = Debug|Any CPU
		{B024917E-D1EB-4F28-AED1-915F2BF0792E}.Release|Any CPU.ActiveCfg = Release|Any CPU
		{B024917E-D1EB-4F28-AED1-915F2BF0792E}.Release|Any CPU.Build.0 = Release|Any CPU
	EndGlobalSection
	GlobalSection(SolutionProperties) = preSolution
		HideSolutionNode = FALSE
	EndGlobalSection
	GlobalSection(ExtensibilityGlobals) = postSolution
		SolutionGuid = {ED9FC2E6-F77E-415A-A8BF-5D3F091BCAC5}
	EndGlobalSection
EndGlobal
