
Microsoft Visual Studio Solution File, Format Version 12.00
# Visual Studio Version 16
VisualStudioVersion = 16.0.31129.286
MinimumVisualStudioVersion = 10.0.40219.1
Project("{FAE04EC0-301F-11D3-BF4B-00C04F79EFBC}") = "Sp04_1_01", "Sp04_1_01.csproj", "{A50F67E1-DD44-42B0-BC97-8DC2E7F1BEE4}"
EndProject
Global
	GlobalSection(SolutionConfigurationPlatforms) = preSolution
		Debug|Any CPU = Debug|Any CPU
		Release|Any CPU = Release|Any CPU
	EndGlobalSection
	GlobalSection(ProjectConfigurationPlatforms) = postSolution
		{A50F67E1-DD44-42B0-BC97-8DC2E7F1BEE4}.Debug|Any CPU.ActiveCfg = Debug|Any CPU
		{A50F67E1-DD44-42B0-BC97-8DC2E7F1BEE4}.Debug|Any CPU.Build.0 = Debug|Any CPU
		{A50F67E1-DD44-42B0-BC97-8DC2E7F1BEE4}.Release|Any CPU.ActiveCfg = Release|Any CPU
		{A50F67E1-DD44-42B0-BC97-8DC2E7F1BEE4}.Release|Any CPU.Build.0 = Release|Any CPU
	EndGlobalSection
	GlobalSection(SolutionProperties) = preSolution
		HideSolutionNode = FALSE
	EndGlobalSection
	GlobalSection(ExtensibilityGlobals) = postSolution
		SolutionGuid = {F31BE5AF-84B8-4F39-9D2F-B05A314F94AE}
	EndGlobalSection
EndGlobal
